
Microsoft Visual Studio Solution File, Format Version 12.00
# Visual Studio Version 17
VisualStudioVersion = 17.6.33829.357
MinimumVisualStudioVersion = 10.0.40219.1
Project("{9A19103F-16F7-4668-BE54-9A1E7A4F7556}") = "Day1", "Day1.csproj", "{FBBD0CBC-1E29-449E-B83C-B033DDBE0627}"
EndProject
Project("{9A19103F-16F7-4668-BE54-9A1E7A4F7556}") = "AdventOfCodeUtil", "..\AdventOfCodeUtil\AdventOfCodeUtil.csproj", "{F8392239-E9D9-4F1D-B820-99AE98772CC9}"
EndProject
Project("{9A19103F-16F7-4668-BE54-9A1E7A4F7556}") = "Day2", "..\Day2\Day2.csproj", "{46792AD6-9448-466B-A065-D7B491A3A0E4}"
EndProject
Project("{9A19103F-16F7-4668-BE54-9A1E7A4F7556}") = "Day3", "..\Day3\Day3.csproj", "{E64C3DAE-93BB-4B07-BA14-91277434ED42}"
EndProject
Project("{9A19103F-16F7-4668-BE54-9A1E7A4F7556}") = "Day4", "..\Day4\Day4.csproj", "{B878847F-C2B2-47DA-B2D9-2266A3B3C04D}"
EndProject
Project("{9A19103F-16F7-4668-BE54-9A1E7A4F7556}") = "Day5", "..\Day5\Day5.csproj", "{B6AB24DE-BB7F-4A1D-9F58-1F348268BA84}"
EndProject
Project("{FAE04EC0-301F-11D3-BF4B-00C04F79EFBC}") = "Day6", "..\Day6\Day6.csproj", "{E1F0306B-9977-4DC5-9C45-BC3264534856}"
EndProject
Global
	GlobalSection(SolutionConfigurationPlatforms) = preSolution
		Debug|Any CPU = Debug|Any CPU
		Release|Any CPU = Release|Any CPU
	EndGlobalSection
	GlobalSection(ProjectConfigurationPlatforms) = postSolution
		{FBBD0CBC-1E29-449E-B83C-B033DDBE0627}.Debug|Any CPU.ActiveCfg = Debug|Any CPU
		{FBBD0CBC-1E29-449E-B83C-B033DDBE0627}.Debug|Any CPU.Build.0 = Debug|Any CPU
		{FBBD0CBC-1E29-449E-B83C-B033DDBE0627}.Release|Any CPU.ActiveCfg = Release|Any CPU
		{FBBD0CBC-1E29-449E-B83C-B033DDBE0627}.Release|Any CPU.Build.0 = Release|Any CPU
		{F8392239-E9D9-4F1D-B820-99AE98772CC9}.Debug|Any CPU.ActiveCfg = Debug|Any CPU
		{F8392239-E9D9-4F1D-B820-99AE98772CC9}.Debug|Any CPU.Build.0 = Debug|Any CPU
		{F8392239-E9D9-4F1D-B820-99AE98772CC9}.Release|Any CPU.ActiveCfg = Release|Any CPU
		{F8392239-E9D9-4F1D-B820-99AE98772CC9}.Release|Any CPU.Build.0 = Release|Any CPU
		{46792AD6-9448-466B-A065-D7B491A3A0E4}.Debug|Any CPU.ActiveCfg = Debug|Any CPU
		{46792AD6-9448-466B-A065-D7B491A3A0E4}.Debug|Any CPU.Build.0 = Debug|Any CPU
		{46792AD6-9448-466B-A065-D7B491A3A0E4}.Release|Any CPU.ActiveCfg = Release|Any CPU
		{46792AD6-9448-466B-A065-D7B491A3A0E4}.Release|Any CPU.Build.0 = Release|Any CPU
		{E64C3DAE-93BB-4B07-BA14-91277434ED42}.Debug|Any CPU.ActiveCfg = Debug|Any CPU
		{E64C3DAE-93BB-4B07-BA14-91277434ED42}.Debug|Any CPU.Build.0 = Debug|Any CPU
		{E64C3DAE-93BB-4B07-BA14-91277434ED42}.Release|Any CPU.ActiveCfg = Release|Any CPU
		{E64C3DAE-93BB-4B07-BA14-91277434ED42}.Release|Any CPU.Build.0 = Release|Any CPU
		{B878847F-C2B2-47DA-B2D9-2266A3B3C04D}.Debug|Any CPU.ActiveCfg = Debug|Any CPU
		{B878847F-C2B2-47DA-B2D9-2266A3B3C04D}.Debug|Any CPU.Build.0 = Debug|Any CPU
		{B878847F-C2B2-47DA-B2D9-2266A3B3C04D}.Release|Any CPU.ActiveCfg = Release|Any CPU
		{B878847F-C2B2-47DA-B2D9-2266A3B3C04D}.Release|Any CPU.Build.0 = Release|Any CPU
		{B6AB24DE-BB7F-4A1D-9F58-1F348268BA84}.Debug|Any CPU.ActiveCfg = Debug|Any CPU
		{B6AB24DE-BB7F-4A1D-9F58-1F348268BA84}.Debug|Any CPU.Build.0 = Debug|Any CPU
		{B6AB24DE-BB7F-4A1D-9F58-1F348268BA84}.Release|Any CPU.ActiveCfg = Release|Any CPU
		{B6AB24DE-BB7F-4A1D-9F58-1F348268BA84}.Release|Any CPU.Build.0 = Release|Any CPU
		{E1F0306B-9977-4DC5-9C45-BC3264534856}.Debug|Any CPU.ActiveCfg = Debug|Any CPU
		{E1F0306B-9977-4DC5-9C45-BC3264534856}.Debug|Any CPU.Build.0 = Debug|Any CPU
		{E1F0306B-9977-4DC5-9C45-BC3264534856}.Release|Any CPU.ActiveCfg = Release|Any CPU
		{E1F0306B-9977-4DC5-9C45-BC3264534856}.Release|Any CPU.Build.0 = Release|Any CPU
	EndGlobalSection
	GlobalSection(SolutionProperties) = preSolution
		HideSolutionNode = FALSE
	EndGlobalSection
	GlobalSection(ExtensibilityGlobals) = postSolution
		SolutionGuid = {9B925D04-DBBB-4B3B-80DB-29E50054EF23}
	EndGlobalSection
EndGlobal
